
Microsoft Visual Studio Solution File, Format Version 12.00
# Visual Studio Version 16
VisualStudioVersion = 16.0.31624.102
MinimumVisualStudioVersion = 10.0.40219.1
Project("{FAE04EC0-301F-11D3-BF4B-00C04F79EFBC}") = "IndianCencusTesting", "IndianCencusTesting\IndianCencusTesting.csproj", "{A7AC94DA-5E1D-4E27-B1F2-922E90623191}"
EndProject
Global
	GlobalSection(SolutionConfigurationPlatforms) = preSolution
		Debug|Any CPU = Debug|Any CPU
		Release|Any CPU = Release|Any CPU
	EndGlobalSection
	GlobalSection(ProjectConfigurationPlatforms) = postSolution
		{A7AC94DA-5E1D-4E27-B1F2-922E90623191}.Debug|Any CPU.ActiveCfg = Debug|Any CPU
		{A7AC94DA-5E1D-4E27-B1F2-922E90623191}.Debug|Any CPU.Build.0 = Debug|Any CPU
		{A7AC94DA-5E1D-4E27-B1F2-922E90623191}.Release|Any CPU.ActiveCfg = Release|Any CPU
		{A7AC94DA-5E1D-4E27-B1F2-922E90623191}.Release|Any CPU.Build.0 = Release|Any CPU
	EndGlobalSection
	GlobalSection(SolutionProperties) = preSolution
		HideSolutionNode = FALSE
	EndGlobalSection
	GlobalSection(ExtensibilityGlobals) = postSolution
		SolutionGuid = {626D2C7B-8A6C-4E55-BFF0-2B0A8C067898}
	EndGlobalSection
EndGlobal
